
Microsoft Visual Studio Solution File, Format Version 12.00
# Visual Studio Version 16
VisualStudioVersion = 16.0.31402.337
MinimumVisualStudioVersion = 10.0.40219.1
Project("{9A19103F-16F7-4668-BE54-9A1E7A4F7556}") = "AspNetCoreMVCStarterKit", "AspNetCoreMVCStarterKit\AspNetCoreMVCStarterKit.csproj", "{E7E94E48-03FB-40CE-8431-1DDF417D0968}"
EndProject
Project("{2150E333-8FDC-42A3-9474-1A3956D46DE8}") = "Solution Items", "Solution Items", "{B6F73AA7-2595-4CC6-A80B-FB28C753B02D}"
	ProjectSection(SolutionItems) = preProject
		README.md = README.md
	EndProjectSection
EndProject
Global
	GlobalSection(SolutionConfigurationPlatforms) = preSolution
		Debug|Any CPU = Debug|Any CPU
		Release|Any CPU = Release|Any CPU
	EndGlobalSection
	GlobalSection(ProjectConfigurationPlatforms) = postSolution
		{E7E94E48-03FB-40CE-8431-1DDF417D0968}.Debug|Any CPU.ActiveCfg = Debug|Any CPU
		{E7E94E48-03FB-40CE-8431-1DDF417D0968}.Debug|Any CPU.Build.0 = Debug|Any CPU
		{E7E94E48-03FB-40CE-8431-1DDF417D0968}.Release|Any CPU.ActiveCfg = Release|Any CPU
		{E7E94E48-03FB-40CE-8431-1DDF417D0968}.Release|Any CPU.Build.0 = Release|Any CPU
	EndGlobalSection
	GlobalSection(SolutionProperties) = preSolution
		HideSolutionNode = FALSE
	EndGlobalSection
	GlobalSection(ExtensibilityGlobals) = postSolution
		SolutionGuid = {39B892F6-D28C-4708-B505-D82C737A70B4}
	EndGlobalSection
EndGlobal
